
Microsoft Visual Studio Solution File, Format Version 12.00
# Visual Studio 15
VisualStudioVersion = 15.0.28010.2003
MinimumVisualStudioVersion = 10.0.40219.1
Project("{A07B5EB6-E848-4116-A8D0-A826331D98C6}") = "GithubSuggestionsApplication", "GithubSuggestionsApplication\GithubSuggestionsApplication.sfproj", "{BE06E590-2DA3-4C0A-A8E0-8A0F063EE6B1}"
EndProject
Project("{9A19103F-16F7-4668-BE54-9A1E7A4F7556}") = "WebUIService", "WebUIService\WebUIService.csproj", "{131F0A3D-BE82-4EE7-98F5-6515261250DB}"
EndProject
Project("{9A19103F-16F7-4668-BE54-9A1E7A4F7556}") = "FullTextSearchService", "FullTextSearchService\FullTextSearchService.csproj", "{DD90E4AF-4477-44DA-A359-2F417F39B065}"
EndProject
Project("{9A19103F-16F7-4668-BE54-9A1E7A4F7556}") = "ServiceInterfaces", "ServiceInterfaces\ServiceInterfaces.csproj", "{169FBBDD-48F0-4C86-BF95-1D865BBD0B55}"
EndProject
Project("{2150E333-8FDC-42A3-9474-1A3956D46DE8}") = "Services", "Services", "{169F9AA0-5347-42B9-97F5-EB8A79890FF4}"
EndProject
Project("{2150E333-8FDC-42A3-9474-1A3956D46DE8}") = "Shared", "Shared", "{32895D8E-874A-4FDB-BDE9-9B881C3D60EC}"
EndProject
Project("{9A19103F-16F7-4668-BE54-9A1E7A4F7556}") = "Domain", "DataModel\Domain.csproj", "{D49990BA-C068-4A8C-B5AB-732FFAB39073}"
EndProject
Project("{9A19103F-16F7-4668-BE54-9A1E7A4F7556}") = "GitHubAPI", "GitHubAPI\GitHubAPI.csproj", "{C7E9428C-5D8B-4BD8-B0AF-864AF0E7540A}"
EndProject
Project("{9A19103F-16F7-4668-BE54-9A1E7A4F7556}") = "UserRepoSearchActor", "UserRepoSearchActor\UserRepoSearchActor.csproj", "{32D1D3A5-E295-4211-AD39-3CC594D2D5EC}"
EndProject
Project("{9A19103F-16F7-4668-BE54-9A1E7A4F7556}") = "ScraperService", "RepositoryScraperService\ScraperService.csproj", "{AB8F7CF9-AEE4-49AA-BA2D-BC514FAE83CA}"
EndProject
Project("{9A19103F-16F7-4668-BE54-9A1E7A4F7556}") = "Serialization", "Serialization\Serialization.csproj", "{82FFF03C-D01A-48FF-ABA4-5937B148ABEE}"
EndProject
Project("{9A19103F-16F7-4668-BE54-9A1E7A4F7556}") = "Serialization.Test", "Serialization.Test\Serialization.Test.csproj", "{A50AC7B1-5B01-4AC7-AA14-AD737C2DE7D0}"
EndProject
Project("{2150E333-8FDC-42A3-9474-1A3956D46DE8}") = "Development", "Development", "{10EB3B24-37A0-41CB-BC83-6DA48F1D4F27}"
EndProject
Project("{9A19103F-16F7-4668-BE54-9A1E7A4F7556}") = "GitHubClientCli", "GitHubClientCli\GitHubClientCli.csproj", "{B7266423-9081-4F39-AF3C-8125814251CA}"
EndProject
Project("{FAE04EC0-301F-11D3-BF4B-00C04F79EFBC}") = "ServiceDiscovery", "ServiceDiscovery\ServiceDiscovery.csproj", "{FD972904-2394-4523-8A21-8326B71A401D}"
EndProject
Global
	GlobalSection(SolutionConfigurationPlatforms) = preSolution
		Debug|Any CPU = Debug|Any CPU
		Debug|x64 = Debug|x64
		Release|Any CPU = Release|Any CPU
		Release|x64 = Release|x64
	EndGlobalSection
	GlobalSection(ProjectConfigurationPlatforms) = postSolution
		{BE06E590-2DA3-4C0A-A8E0-8A0F063EE6B1}.Debug|Any CPU.ActiveCfg = Debug|x64
		{BE06E590-2DA3-4C0A-A8E0-8A0F063EE6B1}.Debug|x64.ActiveCfg = Debug|x64
		{BE06E590-2DA3-4C0A-A8E0-8A0F063EE6B1}.Debug|x64.Build.0 = Debug|x64
		{BE06E590-2DA3-4C0A-A8E0-8A0F063EE6B1}.Debug|x64.Deploy.0 = Debug|x64
		{BE06E590-2DA3-4C0A-A8E0-8A0F063EE6B1}.Release|Any CPU.ActiveCfg = Release|x64
		{BE06E590-2DA3-4C0A-A8E0-8A0F063EE6B1}.Release|x64.ActiveCfg = Release|x64
		{BE06E590-2DA3-4C0A-A8E0-8A0F063EE6B1}.Release|x64.Build.0 = Release|x64
		{BE06E590-2DA3-4C0A-A8E0-8A0F063EE6B1}.Release|x64.Deploy.0 = Release|x64
		{131F0A3D-BE82-4EE7-98F5-6515261250DB}.Debug|Any CPU.ActiveCfg = Debug|Any CPU
		{131F0A3D-BE82-4EE7-98F5-6515261250DB}.Debug|Any CPU.Build.0 = Debug|Any CPU
		{131F0A3D-BE82-4EE7-98F5-6515261250DB}.Debug|x64.ActiveCfg = Debug|Any CPU
		{131F0A3D-BE82-4EE7-98F5-6515261250DB}.Debug|x64.Build.0 = Debug|Any CPU
		{131F0A3D-BE82-4EE7-98F5-6515261250DB}.Release|Any CPU.ActiveCfg = Release|Any CPU
		{131F0A3D-BE82-4EE7-98F5-6515261250DB}.Release|Any CPU.Build.0 = Release|Any CPU
		{131F0A3D-BE82-4EE7-98F5-6515261250DB}.Release|x64.ActiveCfg = Release|Any CPU
		{131F0A3D-BE82-4EE7-98F5-6515261250DB}.Release|x64.Build.0 = Release|Any CPU
		{DD90E4AF-4477-44DA-A359-2F417F39B065}.Debug|Any CPU.ActiveCfg = Debug|Any CPU
		{DD90E4AF-4477-44DA-A359-2F417F39B065}.Debug|Any CPU.Build.0 = Debug|Any CPU
		{DD90E4AF-4477-44DA-A359-2F417F39B065}.Debug|x64.ActiveCfg = Debug|Any CPU
		{DD90E4AF-4477-44DA-A359-2F417F39B065}.Debug|x64.Build.0 = Debug|Any CPU
		{DD90E4AF-4477-44DA-A359-2F417F39B065}.Release|Any CPU.ActiveCfg = Release|Any CPU
		{DD90E4AF-4477-44DA-A359-2F417F39B065}.Release|Any CPU.Build.0 = Release|Any CPU
		{DD90E4AF-4477-44DA-A359-2F417F39B065}.Release|x64.ActiveCfg = Release|Any CPU
		{DD90E4AF-4477-44DA-A359-2F417F39B065}.Release|x64.Build.0 = Release|Any CPU
		{169FBBDD-48F0-4C86-BF95-1D865BBD0B55}.Debug|Any CPU.ActiveCfg = Debug|Any CPU
		{169FBBDD-48F0-4C86-BF95-1D865BBD0B55}.Debug|Any CPU.Build.0 = Debug|Any CPU
		{169FBBDD-48F0-4C86-BF95-1D865BBD0B55}.Debug|x64.ActiveCfg = Debug|Any CPU
		{169FBBDD-48F0-4C86-BF95-1D865BBD0B55}.Debug|x64.Build.0 = Debug|Any CPU
		{169FBBDD-48F0-4C86-BF95-1D865BBD0B55}.Release|Any CPU.ActiveCfg = Release|Any CPU
		{169FBBDD-48F0-4C86-BF95-1D865BBD0B55}.Release|Any CPU.Build.0 = Release|Any CPU
		{169FBBDD-48F0-4C86-BF95-1D865BBD0B55}.Release|x64.ActiveCfg = Release|Any CPU
		{169FBBDD-48F0-4C86-BF95-1D865BBD0B55}.Release|x64.Build.0 = Release|Any CPU
		{D49990BA-C068-4A8C-B5AB-732FFAB39073}.Debug|Any CPU.ActiveCfg = Debug|Any CPU
		{D49990BA-C068-4A8C-B5AB-732FFAB39073}.Debug|Any CPU.Build.0 = Debug|Any CPU
		{D49990BA-C068-4A8C-B5AB-732FFAB39073}.Debug|x64.ActiveCfg = Debug|Any CPU
		{D49990BA-C068-4A8C-B5AB-732FFAB39073}.Debug|x64.Build.0 = Debug|Any CPU
		{D49990BA-C068-4A8C-B5AB-732FFAB39073}.Release|Any CPU.ActiveCfg = Release|Any CPU
		{D49990BA-C068-4A8C-B5AB-732FFAB39073}.Release|Any CPU.Build.0 = Release|Any CPU
		{D49990BA-C068-4A8C-B5AB-732FFAB39073}.Release|x64.ActiveCfg = Release|Any CPU
		{D49990BA-C068-4A8C-B5AB-732FFAB39073}.Release|x64.Build.0 = Release|Any CPU
		{C7E9428C-5D8B-4BD8-B0AF-864AF0E7540A}.Debug|Any CPU.ActiveCfg = Debug|Any CPU
		{C7E9428C-5D8B-4BD8-B0AF-864AF0E7540A}.Debug|Any CPU.Build.0 = Debug|Any CPU
		{C7E9428C-5D8B-4BD8-B0AF-864AF0E7540A}.Debug|x64.ActiveCfg = Debug|Any CPU
		{C7E9428C-5D8B-4BD8-B0AF-864AF0E7540A}.Debug|x64.Build.0 = Debug|Any CPU
		{C7E9428C-5D8B-4BD8-B0AF-864AF0E7540A}.Release|Any CPU.ActiveCfg = Release|Any CPU
		{C7E9428C-5D8B-4BD8-B0AF-864AF0E7540A}.Release|Any CPU.Build.0 = Release|Any CPU
		{C7E9428C-5D8B-4BD8-B0AF-864AF0E7540A}.Release|x64.ActiveCfg = Release|Any CPU
		{C7E9428C-5D8B-4BD8-B0AF-864AF0E7540A}.Release|x64.Build.0 = Release|Any CPU
		{32D1D3A5-E295-4211-AD39-3CC594D2D5EC}.Debug|Any CPU.ActiveCfg = Debug|Any CPU
		{32D1D3A5-E295-4211-AD39-3CC594D2D5EC}.Debug|Any CPU.Build.0 = Debug|Any CPU
		{32D1D3A5-E295-4211-AD39-3CC594D2D5EC}.Debug|x64.ActiveCfg = Debug|Any CPU
		{32D1D3A5-E295-4211-AD39-3CC594D2D5EC}.Debug|x64.Build.0 = Debug|Any CPU
		{32D1D3A5-E295-4211-AD39-3CC594D2D5EC}.Release|Any CPU.ActiveCfg = Release|Any CPU
		{32D1D3A5-E295-4211-AD39-3CC594D2D5EC}.Release|Any CPU.Build.0 = Release|Any CPU
		{32D1D3A5-E295-4211-AD39-3CC594D2D5EC}.Release|x64.ActiveCfg = Release|Any CPU
		{32D1D3A5-E295-4211-AD39-3CC594D2D5EC}.Release|x64.Build.0 = Release|Any CPU
		{AB8F7CF9-AEE4-49AA-BA2D-BC514FAE83CA}.Debug|Any CPU.ActiveCfg = Debug|Any CPU
		{AB8F7CF9-AEE4-49AA-BA2D-BC514FAE83CA}.Debug|Any CPU.Build.0 = Debug|Any CPU
		{AB8F7CF9-AEE4-49AA-BA2D-BC514FAE83CA}.Debug|x64.ActiveCfg = Debug|Any CPU
		{AB8F7CF9-AEE4-49AA-BA2D-BC514FAE83CA}.Debug|x64.Build.0 = Debug|Any CPU
		{AB8F7CF9-AEE4-49AA-BA2D-BC514FAE83CA}.Release|Any CPU.ActiveCfg = Release|Any CPU
		{AB8F7CF9-AEE4-49AA-BA2D-BC514FAE83CA}.Release|Any CPU.Build.0 = Release|Any CPU
		{AB8F7CF9-AEE4-49AA-BA2D-BC514FAE83CA}.Release|x64.ActiveCfg = Release|Any CPU
		{AB8F7CF9-AEE4-49AA-BA2D-BC514FAE83CA}.Release|x64.Build.0 = Release|Any CPU
		{82FFF03C-D01A-48FF-ABA4-5937B148ABEE}.Debug|Any CPU.ActiveCfg = Debug|Any CPU
		{82FFF03C-D01A-48FF-ABA4-5937B148ABEE}.Debug|Any CPU.Build.0 = Debug|Any CPU
		{82FFF03C-D01A-48FF-ABA4-5937B148ABEE}.Debug|x64.ActiveCfg = Debug|Any CPU
		{82FFF03C-D01A-48FF-ABA4-5937B148ABEE}.Debug|x64.Build.0 = Debug|Any CPU
		{82FFF03C-D01A-48FF-ABA4-5937B148ABEE}.Release|Any CPU.ActiveCfg = Release|Any CPU
		{82FFF03C-D01A-48FF-ABA4-5937B148ABEE}.Release|Any CPU.Build.0 = Release|Any CPU
		{82FFF03C-D01A-48FF-ABA4-5937B148ABEE}.Release|x64.ActiveCfg = Release|Any CPU
		{82FFF03C-D01A-48FF-ABA4-5937B148ABEE}.Release|x64.Build.0 = Release|Any CPU
		{A50AC7B1-5B01-4AC7-AA14-AD737C2DE7D0}.Debug|Any CPU.ActiveCfg = Debug|Any CPU
		{A50AC7B1-5B01-4AC7-AA14-AD737C2DE7D0}.Debug|Any CPU.Build.0 = Debug|Any CPU
		{A50AC7B1-5B01-4AC7-AA14-AD737C2DE7D0}.Debug|x64.ActiveCfg = Debug|Any CPU
		{A50AC7B1-5B01-4AC7-AA14-AD737C2DE7D0}.Debug|x64.Build.0 = Debug|Any CPU
		{A50AC7B1-5B01-4AC7-AA14-AD737C2DE7D0}.Release|Any CPU.ActiveCfg = Release|Any CPU
		{A50AC7B1-5B01-4AC7-AA14-AD737C2DE7D0}.Release|Any CPU.Build.0 = Release|Any CPU
		{A50AC7B1-5B01-4AC7-AA14-AD737C2DE7D0}.Release|x64.ActiveCfg = Release|Any CPU
		{A50AC7B1-5B01-4AC7-AA14-AD737C2DE7D0}.Release|x64.Build.0 = Release|Any CPU
		{B7266423-9081-4F39-AF3C-8125814251CA}.Debug|Any CPU.ActiveCfg = Debug|Any CPU
		{B7266423-9081-4F39-AF3C-8125814251CA}.Debug|Any CPU.Build.0 = Debug|Any CPU
		{B7266423-9081-4F39-AF3C-8125814251CA}.Debug|x64.ActiveCfg = Debug|Any CPU
		{B7266423-9081-4F39-AF3C-8125814251CA}.Debug|x64.Build.0 = Debug|Any CPU
		{B7266423-9081-4F39-AF3C-8125814251CA}.Release|Any CPU.ActiveCfg = Release|Any CPU
		{B7266423-9081-4F39-AF3C-8125814251CA}.Release|Any CPU.Build.0 = Release|Any CPU
		{B7266423-9081-4F39-AF3C-8125814251CA}.Release|x64.ActiveCfg = Release|Any CPU
		{B7266423-9081-4F39-AF3C-8125814251CA}.Release|x64.Build.0 = Release|Any CPU
		{FD972904-2394-4523-8A21-8326B71A401D}.Debug|Any CPU.ActiveCfg = Debug|Any CPU
		{FD972904-2394-4523-8A21-8326B71A401D}.Debug|Any CPU.Build.0 = Debug|Any CPU
		{FD972904-2394-4523-8A21-8326B71A401D}.Debug|x64.ActiveCfg = Debug|Any CPU
		{FD972904-2394-4523-8A21-8326B71A401D}.Debug|x64.Build.0 = Debug|Any CPU
		{FD972904-2394-4523-8A21-8326B71A401D}.Release|Any CPU.ActiveCfg = Release|Any CPU
		{FD972904-2394-4523-8A21-8326B71A401D}.Release|Any CPU.Build.0 = Release|Any CPU
		{FD972904-2394-4523-8A21-8326B71A401D}.Release|x64.ActiveCfg = Release|Any CPU
		{FD972904-2394-4523-8A21-8326B71A401D}.Release|x64.Build.0 = Release|Any CPU
	EndGlobalSection
	GlobalSection(SolutionProperties) = preSolution
		HideSolutionNode = FALSE
	EndGlobalSection
	GlobalSection(NestedProjects) = preSolution
		{131F0A3D-BE82-4EE7-98F5-6515261250DB} = {169F9AA0-5347-42B9-97F5-EB8A79890FF4}
		{DD90E4AF-4477-44DA-A359-2F417F39B065} = {169F9AA0-5347-42B9-97F5-EB8A79890FF4}
		{169FBBDD-48F0-4C86-BF95-1D865BBD0B55} = {32895D8E-874A-4FDB-BDE9-9B881C3D60EC}
		{D49990BA-C068-4A8C-B5AB-732FFAB39073} = {32895D8E-874A-4FDB-BDE9-9B881C3D60EC}
		{C7E9428C-5D8B-4BD8-B0AF-864AF0E7540A} = {32895D8E-874A-4FDB-BDE9-9B881C3D60EC}
		{32D1D3A5-E295-4211-AD39-3CC594D2D5EC} = {169F9AA0-5347-42B9-97F5-EB8A79890FF4}
		{AB8F7CF9-AEE4-49AA-BA2D-BC514FAE83CA} = {169F9AA0-5347-42B9-97F5-EB8A79890FF4}
		{82FFF03C-D01A-48FF-ABA4-5937B148ABEE} = {32895D8E-874A-4FDB-BDE9-9B881C3D60EC}
		{A50AC7B1-5B01-4AC7-AA14-AD737C2DE7D0} = {32895D8E-874A-4FDB-BDE9-9B881C3D60EC}
		{B7266423-9081-4F39-AF3C-8125814251CA} = {10EB3B24-37A0-41CB-BC83-6DA48F1D4F27}
		{FD972904-2394-4523-8A21-8326B71A401D} = {32895D8E-874A-4FDB-BDE9-9B881C3D60EC}
	EndGlobalSection
	GlobalSection(ExtensibilityGlobals) = postSolution
		SolutionGuid = {12010269-6504-4E72-A023-574932AA0634}
	EndGlobalSection
EndGlobal
